// !$*UTF8*$!
{
	archiveVersion = 1;
	classes = {
	};
	objectVersion = 46;
	objects = {

/* Begin PBXBuildFile section */
		58FBB64B19EAF4BB000BA005 /* Foundation.framework in Frameworks */ = {isa = PBXBuildFile; fileRef = 58FBB64A19EAF4BB000BA005 /* Foundation.framework */; };
		58FBB64D19EAF4BB000BA005 /* CoreGraphics.framework in Frameworks */ = {isa = PBXBuildFile; fileRef = 58FBB64C19EAF4BB000BA005 /* CoreGraphics.framework */; };
		58FBB64F19EAF4BB000BA005 /* UIKit.framework in Frameworks */ = {isa = PBXBuildFile; fileRef = 58FBB64E19EAF4BB000BA005 /* UIKit.framework */; };
		58FBB65519EAF4BB000BA005 /* InfoPlist.strings in Resources */ = {isa = PBXBuildFile; fileRef = 58FBB65319EAF4BB000BA005 /* InfoPlist.strings */; };
		58FBB65719EAF4BB000BA005 /* main.m in Sources */ = {isa = PBXBuildFile; fileRef = 58FBB65619EAF4BB000BA005 /* main.m */; };
		58FBB65B19EAF4BB000BA005 /* AppDelegate.m in Sources */ = {isa = PBXBuildFile; fileRef = 58FBB65A19EAF4BB000BA005 /* AppDelegate.m */; };
		58FBB65E19EAF4BC000BA005 /* Main.storyboard in Resources */ = {isa = PBXBuildFile; fileRef = 58FBB65C19EAF4BC000BA005 /* Main.storyboard */; };
		58FBB66119EAF4BC000BA005 /* ViewController.m in Sources */ = {isa = PBXBuildFile; fileRef = 58FBB66019EAF4BC000BA005 /* ViewController.m */; };
		58FBB66319EAF4BC000BA005 /* Images.xcassets in Resources */ = {isa = PBXBuildFile; fileRef = 58FBB66219EAF4BC000BA005 /* Images.xcassets */; };
		58FBB66A19EAF4BC000BA005 /* XCTest.framework in Frameworks */ = {isa = PBXBuildFile; fileRef = 58FBB66919EAF4BC000BA005 /* XCTest.framework */; };
		58FBB66B19EAF4BC000BA005 /* Foundation.framework in Frameworks */ = {isa = PBXBuildFile; fileRef = 58FBB64A19EAF4BB000BA005 /* Foundation.framework */; };
		58FBB66C19EAF4BC000BA005 /* UIKit.framework in Frameworks */ = {isa = PBXBuildFile; fileRef = 58FBB64E19EAF4BB000BA005 /* UIKit.framework */; };
		58FBB67419EAF4BC000BA005 /* InfoPlist.strings in Resources */ = {isa = PBXBuildFile; fileRef = 58FBB67219EAF4BC000BA005 /* InfoPlist.strings */; };
		58FBB67619EAF4BC000BA005 /* BackButtonWithOutNavigationBarTests.m in Sources */ = {isa = PBXBuildFile; fileRef = 58FBB67519EAF4BC000BA005 /* BackButtonWithOutNavigationBarTests.m */; };
/* End PBXBuildFile section */

/* Begin PBXContainerItemProxy section */
		58FBB66D19EAF4BC000BA005 /* PBXContainerItemProxy */ = {
			isa = PBXContainerItemProxy;
			containerPortal = 58FBB63F19EAF4BB000BA005 /* Project object */;
			proxyType = 1;
			remoteGlobalIDString = 58FBB64619EAF4BB000BA005;
			remoteInfo = BackButtonWithOutNavigationBar;
		};
/* End PBXContainerItemProxy section */

/* Begin PBXFileReference section */
		58FBB64719EAF4BB000BA005 /* BackButtonWithOutNavigationBar.app */ = {isa = PBXFileReference; explicitFileType = wrapper.application; includeInIndex = 0; path = BackButtonWithOutNavigationBar.app; sourceTree = BUILT_PRODUCTS_DIR; };
		58FBB64A19EAF4BB000BA005 /* Foundation.framework */ = {isa = PBXFileReference; lastKnownFileType = wrapper.framework; name = Foundation.framework; path = System/Library/Frameworks/Foundation.framework; sourceTree = SDKROOT; };
		58FBB64C19EAF4BB000BA005 /* CoreGraphics.framework */ = {isa = PBXFileReference; lastKnownFileType = wrapper.framework; name = CoreGraphics.framework; path = System/Library/Frameworks/CoreGraphics.framework; sourceTree = SDKROOT; };
		58FBB64E19EAF4BB000BA005 /* UIKit.framework */ = {isa = PBXFileReference; lastKnownFileType = wrapper.framework; name = UIKit.framework; path = System/Library/Frameworks/UIKit.framework; sourceTree = SDKROOT; };
		58FBB65219EAF4BB000BA005 /* BackButtonWithOutNavigationBar-Info.plist */ = {isa = PBXFileReference; lastKnownFileType = text.plist.xml; path = "BackButtonWithOutNavigationBar-Info.plist"; sourceTree = "<group>"; };
		58FBB65419EAF4BB000BA005 /* en */ = {isa = PBXFileReference; lastKnownFileType = text.plist.strings; name = en; path = en.lproj/InfoPlist.strings; sourceTree = "<group>"; };
		58FBB65619EAF4BB000BA005 /* main.m */ = {isa = PBXFileReference; lastKnownFileType = sourcecode.c.objc; path = main.m; sourceTree = "<group>"; };
		58FBB65819EAF4BB000BA005 /* BackButtonWithOutNavigationBar-Prefix.pch */ = {isa = PBXFileReference; lastKnownFileType = sourcecode.c.h; path = "BackButtonWithOutNavigationBar-Prefix.pch"; sourceTree = "<group>"; };
		58FBB65919EAF4BB000BA005 /* AppDelegate.h */ = {isa = PBXFileReference; lastKnownFileType = sourcecode.c.h; path = AppDelegate.h; sourceTree = "<group>"; };
		58FBB65A19EAF4BB000BA005 /* AppDelegate.m */ = {isa = PBXFileReference; lastKnownFileType = sourcecode.c.objc; path = AppDelegate.m; sourceTree = "<group>"; };
		58FBB65D19EAF4BC000BA005 /* Base */ = {isa = PBXFileReference; lastKnownFileType = file.storyboard; name = Base; path = Base.lproj/Main.storyboard; sourceTree = "<group>"; };
		58FBB65F19EAF4BC000BA005 /* ViewController.h */ = {isa = PBXFileReference; lastKnownFileType = sourcecode.c.h; path = ViewController.h; sourceTree = "<group>"; };
		58FBB66019EAF4BC000BA005 /* ViewController.m */ = {isa = PBXFileReference; lastKnownFileType = sourcecode.c.objc; path = ViewController.m; sourceTree = "<group>"; };
		58FBB66219EAF4BC000BA005 /* Images.xcassets */ = {isa = PBXFileReference; lastKnownFileType = folder.assetcatalog; path = Images.xcassets; sourceTree = "<group>"; };
		58FBB66819EAF4BC000BA005 /* BackButtonWithOutNavigationBarTests.xctest */ = {isa = PBXFileReference; explicitFileType = wrapper.cfbundle; includeInIndex = 0; path = BackButtonWithOutNavigationBarTests.xctest; sourceTree = BUILT_PRODUCTS_DIR; };
		58FBB66919EAF4BC000BA005 /* XCTest.framework */ = {isa = PBXFileReference; lastKnownFileType = wrapper.framework; name = XCTest.framework; path = Library/Frameworks/XCTest.framework; sourceTree = DEVELOPER_DIR; };
		58FBB67119EAF4BC000BA005 /* BackButtonWithOutNavigationBarTests-Info.plist */ = {isa = PBXFileReference; lastKnownFileType = text.plist.xml; path = "BackButtonWithOutNavigationBarTests-Info.plist"; sourceTree = "<group>"; };
		58FBB67319EAF4BC000BA005 /* en */ = {isa = PBXFileReference; lastKnownFileType = text.plist.strings; name = en; path = en.lproj/InfoPlist.strings; sourceTree = "<group>"; };
		58FBB67519EAF4BC000BA005 /* BackButtonWithOutNavigationBarTests.m */ = {isa = PBXFileReference; lastKnownFileType = sourcecode.c.objc; path = BackButtonWithOutNavigationBarTests.m; sourceTree = "<group>"; };
/* End PBXFileReference section */

/* Begin PBXFrameworksBuildPhase section */
		58FBB64419EAF4BB000BA005 /* Frameworks */ = {
			isa = PBXFrameworksBuildPhase;
			buildActionMask = 2147483647;
			files = (
				58FBB64D19EAF4BB000BA005 /* CoreGraphics.framework in Frameworks */,
				58FBB64F19EAF4BB000BA005 /* UIKit.framework in Frameworks */,
				58FBB64B19EAF4BB000BA005 /* Foundation.framework in Frameworks */,
			);
			runOnlyForDeploymentPostprocessing = 0;
		};
		58FBB66519EAF4BC000BA005 /* Frameworks */ = {
			isa = PBXFrameworksBuildPhase;
			buildActionMask = 2147483647;
			files = (
				58FBB66A19EAF4BC000BA005 /* XCTest.framework in Frameworks */,
				58FBB66C19EAF4BC000BA005 /* UIKit.framework in Frameworks */,
				58FBB66B19EAF4BC000BA005 /* Foundation.framework in Frameworks */,
			);
			runOnlyForDeploymentPostprocessing = 0;
		};
/* End PBXFrameworksBuildPhase section */

/* Begin PBXGroup section */
		58FBB63E19EAF4BB000BA005 = {
			isa = PBXGroup;
			children = (
				58FBB65019EAF4BB000BA005 /* BackButtonWithOutNavigationBar */,
				58FBB66F19EAF4BC000BA005 /* BackButtonWithOutNavigationBarTests */,
				58FBB64919EAF4BB000BA005 /* Frameworks */,
				58FBB64819EAF4BB000BA005 /* Products */,
			);
			sourceTree = "<group>";
		};
		58FBB64819EAF4BB000BA005 /* Products */ = {
			isa = PBXGroup;
			children = (
				58FBB64719EAF4BB000BA005 /* BackButtonWithOutNavigationBar.app */,
				58FBB66819EAF4BC000BA005 /* BackButtonWithOutNavigationBarTests.xctest */,
			);
			name = Products;
			sourceTree = "<group>";
		};
		58FBB64919EAF4BB000BA005 /* Frameworks */ = {
			isa = PBXGroup;
			children = (
				58FBB64A19EAF4BB000BA005 /* Foundation.framework */,
				58FBB64C19EAF4BB000BA005 /* CoreGraphics.framework */,
				58FBB64E19EAF4BB000BA005 /* UIKit.framework */,
				58FBB66919EAF4BC000BA005 /* XCTest.framework */,
			);
			name = Frameworks;
			sourceTree = "<group>";
		};
		58FBB65019EAF4BB000BA005 /* BackButtonWithOutNavigationBar */ = {
			isa = PBXGroup;
			children = (
				58FBB65919EAF4BB000BA005 /* AppDelegate.h */,
				58FBB65A19EAF4BB000BA005 /* AppDelegate.m */,
				58FBB65C19EAF4BC000BA005 /* Main.storyboard */,
				58FBB65F19EAF4BC000BA005 /* ViewController.h */,
				58FBB66019EAF4BC000BA005 /* ViewController.m */,
				58FBB66219EAF4BC000BA005 /* Images.xcassets */,
				58FBB65119EAF4BB000BA005 /* Supporting Files */,
			);
			path = BackButtonWithOutNavigationBar;
			sourceTree = "<group>";
		};
		58FBB65119EAF4BB000BA005 /* Supporting Files */ = {
			isa = PBXGroup;
			children = (
				58FBB65219EAF4BB000BA005 /* BackButtonWithOutNavigationBar-Info.plist */,
				58FBB65319EAF4BB000BA005 /* InfoPlist.strings */,
				58FBB65619EAF4BB000BA005 /* main.m */,
				58FBB65819EAF4BB000BA005 /* BackButtonWithOutNavigationBar-Prefix.pch */,
			);
			name = "Supporting Files";
			sourceTree = "<group>";
		};
		58FBB66F19EAF4BC000BA005 /* BackButtonWithOutNavigationBarTests */ = {
			isa = PBXGroup;
			children = (
				58FBB67519EAF4BC000BA005 /* BackButtonWithOutNavigationBarTests.m */,
				58FBB67019EAF4BC000BA005 /* Supporting Files */,
			);
			path = BackButtonWithOutNavigationBarTests;
			sourceTree = "<group>";
		};
		58FBB67019EAF4BC000BA005 /* Supporting Files */ = {
			isa = PBXGroup;
			children = (
				58FBB67119EAF4BC000BA005 /* BackButtonWithOutNavigationBarTests-Info.plist */,
				58FBB67219EAF4BC000BA005 /* InfoPlist.strings */,
			);
			name = "Supporting Files";
			sourceTree = "<group>";
		};
/* End PBXGroup section */

/* Begin PBXNativeTarget section */
		58FBB64619EAF4BB000BA005 /* BackButtonWithOutNavigationBar */ = {
			isa = PBXNativeTarget;
			buildConfigurationList = 58FBB67919EAF4BC000BA005 /* Build configuration list for PBXNativeTarget "BackButtonWithOutNavigationBar" */;
			buildPhases = (
				58FBB64319EAF4BB000BA005 /* Sources */,
				58FBB64419EAF4BB000BA005 /* Frameworks */,
				58FBB64519EAF4BB000BA005 /* Resources */,
			);
			buildRules = (
			);
			dependencies = (
			);
			name = BackButtonWithOutNavigationBar;
			productName = BackButtonWithOutNavigationBar;
			productReference = 58FBB64719EAF4BB000BA005 /* BackButtonWithOutNavigationBar.app */;
			productType = "com.apple.product-type.application";
		};
		58FBB66719EAF4BC000BA005 /* BackButtonWithOutNavigationBarTests */ = {
			isa = PBXNativeTarget;
			buildConfigurationList = 58FBB67C19EAF4BC000BA005 /* Build configuration list for PBXNativeTarget "BackButtonWithOutNavigationBarTests" */;
			buildPhases = (
				58FBB66419EAF4BC000BA005 /* Sources */,
				58FBB66519EAF4BC000BA005 /* Frameworks */,
				58FBB66619EAF4BC000BA005 /* Resources */,
			);
			buildRules = (
			);
			dependencies = (
				58FBB66E19EAF4BC000BA005 /* PBXTargetDependency */,
			);
			name = BackButtonWithOutNavigationBarTests;
			productName = BackButtonWithOutNavigationBarTests;
			productReference = 58FBB66819EAF4BC000BA005 /* BackButtonWithOutNavigationBarTests.xctest */;
			productType = "com.apple.product-type.bundle.unit-test";
		};
/* End PBXNativeTarget section */

/* Begin PBXProject section */
		58FBB63F19EAF4BB000BA005 /* Project object */ = {
			isa = PBXProject;
			attributes = {
				LastUpgradeCheck = 0510;
				ORGANIZATIONNAME = devAspirant.wordpress.com;
				TargetAttributes = {
					58FBB66719EAF4BC000BA005 = {
						TestTargetID = 58FBB64619EAF4BB000BA005;
					};
				};
			};
			buildConfigurationList = 58FBB64219EAF4BB000BA005 /* Build configuration list for PBXProject "BackButtonWithOutNavigationBar" */;
			compatibilityVersion = "Xcode 3.2";
			developmentRegion = English;
			hasScannedForEncodings = 0;
			knownRegions = (
				en,
				Base,
			);
			mainGroup = 58FBB63E19EAF4BB000BA005;
			productRefGroup = 58FBB64819EAF4BB000BA005 /* Products */;
			projectDirPath = "";
			projectRoot = "";
			targets = (
				58FBB64619EAF4BB000BA005 /* BackButtonWithOutNavigationBar */,
				58FBB66719EAF4BC000BA005 /* BackButtonWithOutNavigationBarTests */,
			);
		};
/* End PBXProject section */

/* Begin PBXResourcesBuildPhase section */
		58FBB64519EAF4BB000BA005 /* Resources */ = {
			isa = PBXResourcesBuildPhase;
			buildActionMask = 2147483647;
			files = (
				58FBB66319EAF4BC000BA005 /* Images.xcassets in Resources */,
				58FBB65519EAF4BB000BA005 /* InfoPlist.strings in Resources */,
				58FBB65E19EAF4BC000BA005 /* Main.storyboard in Resources */,
			);
			runOnlyForDeploymentPostprocessing = 0;
		};
		58FBB66619EAF4BC000BA005 /* Resources */ = {
			isa = PBXResourcesBuildPhase;
			buildActionMask = 2147483647;
			files = (
				58FBB67419EAF4BC000BA005 /* InfoPlist.strings in Resources */,
			);
			runOnlyForDeploymentPostprocessing = 0;
		};
/* End PBXResourcesBuildPhase section */

/* Begin PBXSourcesBuildPhase section */
		58FBB64319EAF4BB000BA005 /* Sources */ = {
			isa = PBXSourcesBuildPhase;
			buildActionMask = 2147483647;
			files = (
				58FBB66119EAF4BC000BA005 /* ViewController.m in Sources */,
				58FBB65B19EAF4BB000BA005 /* AppDelegate.m in Sources */,
				58FBB65719EAF4BB000BA005 /* main.m in Sources */,
			);
			runOnlyForDeploymentPostprocessing = 0;
		};
		58FBB66419EAF4BC000BA005 /* Sources */ = {
			isa = PBXSourcesBuildPhase;
			buildActionMask = 2147483647;
			files = (
				58FBB67619EAF4BC000BA005 /* BackButtonWithOutNavigationBarTests.m in Sources */,
			);
			runOnlyForDeploymentPostprocessing = 0;
		};
/* End PBXSourcesBuildPhase section */

/* Begin PBXTargetDependency section */
		58FBB66E19EAF4BC000BA005 /* PBXTargetDependency */ = {
			isa = PBXTargetDependency;
			target = 58FBB64619EAF4BB000BA005 /* BackButtonWithOutNavigationBar */;
			targetProxy = 58FBB66D19EAF4BC000BA005 /* PBXContainerItemProxy */;
		};
/* End PBXTargetDependency section */

/* Begin PBXVariantGroup section */
		58FBB65319EAF4BB000BA005 /* InfoPlist.strings */ = {
			isa = PBXVariantGroup;
			children = (
				58FBB65419EAF4BB000BA005 /* en */,
			);
			name = InfoPlist.strings;
			sourceTree = "<group>";
		};
		58FBB65C19EAF4BC000BA005 /* Main.storyboard */ = {
			isa = PBXVariantGroup;
			children = (
				58FBB65D19EAF4BC000BA005 /* Base */,
			);
			name = Main.storyboard;
			sourceTree = "<group>";
		};
		58FBB67219EAF4BC000BA005 /* InfoPlist.strings */ = {
			isa = PBXVariantGroup;
			children = (
				58FBB67319EAF4BC000BA005 /* en */,
			);
			name = InfoPlist.strings;
			sourceTree = "<group>";
		};
/* End PBXVariantGroup section */

/* Begin XCBuildConfiguration section */
		58FBB67719EAF4BC000BA005 /* Debug */ = {
			isa = XCBuildConfiguration;
			buildSettings = {
				ALWAYS_SEARCH_USER_PATHS = NO;
				CLANG_CXX_LANGUAGE_STANDARD = "gnu++0x";
				CLANG_CXX_LIBRARY = "libc++";
				CLANG_ENABLE_MODULES = YES;
				CLANG_ENABLE_OBJC_ARC = YES;
				CLANG_WARN_BOOL_CONVERSION = YES;
				CLANG_WARN_CONSTANT_CONVERSION = YES;
				CLANG_WARN_DIRECT_OBJC_ISA_USAGE = YES_ERROR;
				CLANG_WARN_EMPTY_BODY = YES;
				CLANG_WARN_ENUM_CONVERSION = YES;
				CLANG_WARN_INT_CONVERSION = YES;
				CLANG_WARN_OBJC_ROOT_CLASS = YES_ERROR;
				CLANG_WARN__DUPLICATE_METHOD_MATCH = YES;
				"CODE_SIGN_IDENTITY[sdk=iphoneos*]" = "iPhone Developer";
				COPY_PHASE_STRIP = NO;
				GCC_C_LANGUAGE_STANDARD = gnu99;
				GCC_DYNAMIC_NO_PIC = NO;
				GCC_OPTIMIZATION_LEVEL = 0;
				GCC_PREPROCESSOR_DEFINITIONS = (
					"DEBUG=1",
					"$(inherited)",
				);
				GCC_SYMBOLS_PRIVATE_EXTERN = NO;
				GCC_WARN_64_TO_32_BIT_CONVERSION = YES;
				GCC_WARN_ABOUT_RETURN_TYPE = YES_ERROR;
				GCC_WARN_UNDECLARED_SELECTOR = YES;
				GCC_WARN_UNINITIALIZED_AUTOS = YES_AGGRESSIVE;
				GCC_WARN_UNUSED_FUNCTION = YES;
				GCC_WARN_UNUSED_VARIABLE = YES;
				IPHONEOS_DEPLOYMENT_TARGET = 7.1;
				ONLY_ACTIVE_ARCH = YES;
				SDKROOT = iphoneos;
			};
			name = Debug;
		};
		58FBB67819EAF4BC000BA005 /* Release */ = {
			isa = XCBuildConfiguration;
			buildSettings = {
				ALWAYS_SEARCH_USER_PATHS = NO;
				CLANG_CXX_LANGUAGE_STANDARD = "gnu++0x";
				CLANG_CXX_LIBRARY = "libc++";
				CLANG_ENABLE_MODULES = YES;
				CLANG_ENABLE_OBJC_ARC = YES;
				CLANG_WARN_BOOL_CONVERSION = YES;
				CLANG_WARN_CONSTANT_CONVERSION = YES;
				CLANG_WARN_DIRECT_OBJC_ISA_USAGE = YES_ERROR;
				CLANG_WARN_EMPTY_BODY = YES;
				CLANG_WARN_ENUM_CONVERSION = YES;
				CLANG_WARN_INT_CONVERSION = YES;
				CLANG_WARN_OBJC_ROOT_CLASS = YES_ERROR;
				CLANG_WARN__DUPLICATE_METHOD_MATCH = YES;
				"CODE_SIGN_IDENTITY[sdk=iphoneos*]" = "iPhone Developer";
				COPY_PHASE_STRIP = YES;
				ENABLE_NS_ASSERTIONS = NO;
				GCC_C_LANGUAGE_STANDARD = gnu99;
				GCC_WARN_64_TO_32_BIT_CONVERSION = YES;
				GCC_WARN_ABOUT_RETURN_TYPE = YES_ERROR;
				GCC_WARN_UNDECLARED_SELECTOR = YES;
				GCC_WARN_UNINITIALIZED_AUTOS = YES_AGGRESSIVE;
				GCC_WARN_UNUSED_FUNCTION = YES;
				GCC_WARN_UNUSED_VARIABLE = YES;
				IPHONEOS_DEPLOYMENT_TARGET = 7.1;
				SDKROOT = iphoneos;
				VALIDATE_PRODUCT = YES;
			};
			name = Release;
		};
		58FBB67A19EAF4BC000BA005 /* Debug */ = {
			isa = XCBuildConfiguration;
			buildSettings = {
				ASSETCATALOG_COMPILER_APPICON_NAME = AppIcon;
				ASSETCATALOG_COMPILER_LAUNCHIMAGE_NAME = LaunchImage;
				GCC_PRECOMPILE_PREFIX_HEADER = YES;
				GCC_PREFIX_HEADER = "BackButtonWithOutNavigationBar/BackButtonWithOutNavigationBar-Prefix.pch";
				INFOPLIST_FILE = "BackButtonWithOutNavigationBar/BackButtonWithOutNavigationBar-Info.plist";
				PRODUCT_NAME = "$(TARGET_NAME)";
				WRAPPER_EXTENSION = app;
			};
			name = Debug;
		};
		58FBB67B19EAF4BC000BA005 /* Release */ = {
			isa = XCBuildConfiguration;
			buildSettings = {
				ASSETCATALOG_COMPILER_APPICON_NAME = AppIcon;
				ASSETCATALOG_COMPILER_LAUNCHIMAGE_NAME = LaunchImage;
				GCC_PRECOMPILE_PREFIX_HEADER = YES;
				GCC_PREFIX_HEADER = "BackButtonWithOutNavigationBar/BackButtonWithOutNavigationBar-Prefix.pch";
				INFOPLIST_FILE = "BackButtonWithOutNavigationBar/BackButtonWithOutNavigationBar-Info.plist";
				PRODUCT_NAME = "$(TARGET_NAME)";
				WRAPPER_EXTENSION = app;
			};
			name = Release;
		};
		58FBB67D19EAF4BC000BA005 /* Debug */ = {
			isa = XCBuildConfiguration;
			buildSettings = {
				BUNDLE_LOADER = "$(BUILT_PRODUCTS_DIR)/BackButtonWithOutNavigationBar.app/BackButtonWithOutNavigationBar";
				FRAMEWORK_SEARCH_PATHS = (
					"$(SDKROOT)/Developer/Library/Frameworks",
					"$(inherited)",
					"$(DEVELOPER_FRAMEWORKS_DIR)",
				);
				GCC_PRECOMPILE_PREFIX_HEADER = YES;
				GCC_PREFIX_HEADER = "BackButtonWithOutNavigationBar/BackButtonWithOutNavigationBar-Prefix.pch";
				GCC_PREPROCESSOR_DEFINITIONS = (
					"DEBUG=1",
					"$(inherited)",
				);
				INFOPLIST_FILE = "BackButtonWithOutNavigationBarTests/BackButtonWithOutNavigationBarTests-Info.plist";
				PRODUCT_NAME = "$(TARGET_NAME)";
				TEST_HOST = "$(BUNDLE_LOADER)";
				WRAPPER_EXTENSION = xctest;
			};
			name = Debug;
		};
		58FBB67E19EAF4BC000BA005 /* Release */ = {
			isa = XCBuildConfiguration;
			buildSettings = {
				BUNDLE_LOADER = "$(BUILT_PRODUCTS_DIR)/BackButtonWithOutNavigationBar.app/BackButtonWithOutNavigationBar";
				FRAMEWORK_SEARCH_PATHS = (
					"$(SDKROOT)/Developer/Library/Frameworks",
					"$(inherited)",
					"$(DEVELOPER_FRAMEWORKS_DIR)",
				);
				GCC_PRECOMPILE_PREFIX_HEADER = YES;
				GCC_PREFIX_HEADER = "BackButtonWithOutNavigationBar/BackButtonWithOutNavigationBar-Prefix.pch";
				INFOPLIST_FILE = "BackButtonWithOutNavigationBarTests/BackButtonWithOutNavigationBarTests-Info.plist";
				PRODUCT_NAME = "$(TARGET_NAME)";
				TEST_HOST = "$(BUNDLE_LOADER)";
				WRAPPER_EXTENSION = xctest;
			};
			name = Release;
		};
/* End XCBuildConfiguration section */

/* Begin XCConfigurationList section */
		58FBB64219EAF4BB000BA005 /* Build configuration list for PBXProject "BackButtonWithOutNavigationBar" */ = {
			isa = XCConfigurationList;
			buildConfigurations = (
				58FBB67719EAF4BC000BA005 /* Debug */,
				58FBB67819EAF4BC000BA005 /* Release */,
			);
			defaultConfigurationIsVisible = 0;
			defaultConfigurationName = Release;
		};
		58FBB67919EAF4BC000BA005 /* Build configuration list for PBXNativeTarget "BackButtonWithOutNavigationBar" */ = {
			isa = XCConfigurationList;
			buildConfigurations = (
				58FBB67A19EAF4BC000BA005 /* Debug */,
				58FBB67B19EAF4BC000BA005 /* Release */,
			);
			defaultConfigurationIsVisible = 0;
		};
		58FBB67C19EAF4BC000BA005 /* Build configuration list for PBXNativeTarget "BackButtonWithOutNavigationBarTests" */ = {
			isa = XCConfigurationList;
			buildConfigurations = (
				58FBB67D19EAF4BC000BA005 /* Debug */,
				58FBB67E19EAF4BC000BA005 /* Release */,
			);
			defaultConfigurationIsVisible = 0;
		};
/* End XCConfigurationList section */
	};
	rootObject = 58FBB63F19EAF4BB000BA005 /* Project object */;
}
